# This file is autogenerated, do not edit; changes may be undone by the next 'dep ensure'.


[[projects]]
  branch = "master"
  name = "github.com/paddycarey/gophy"
  packages = ["."]
  revision = "8eaf59696ea40194d680e6c2d8e6e7c609f2836c"

[solve-meta]
  analyzer-name = "dep"
  analyzer-version = 1
  inputs-digest = "e4e0d3ffac1872f7a18598597d9fd7a544cd84b517e1aadd40a4ed6f3a7e593a"
  solver-name = "gps-cdcl"
  solver-version = 1
